
Microsoft Visual Studio Solution File, Format Version 12.00
# Visual Studio Version 17
VisualStudioVersion = 17.4.33213.308
MinimumVisualStudioVersion = 10.0.40219.1
Project("{FAE04EC0-301F-11D3-BF4B-00C04F79EFBC}") = "PA1_GettingIntoCS", "PA1_GettingIntoCS.csproj", "{74F47C58-69B0-4D31-AC24-AEB51D72833D}"
EndProject
Global
	GlobalSection(SolutionConfigurationPlatforms) = preSolution
		Debug|Any CPU = Debug|Any CPU
		Release|Any CPU = Release|Any CPU
	EndGlobalSection
	GlobalSection(ProjectConfigurationPlatforms) = postSolution
		{74F47C58-69B0-4D31-AC24-AEB51D72833D}.Debug|Any CPU.ActiveCfg = Debug|Any CPU
		{74F47C58-69B0-4D31-AC24-AEB51D72833D}.Debug|Any CPU.Build.0 = Debug|Any CPU
		{74F47C58-69B0-4D31-AC24-AEB51D72833D}.Release|Any CPU.ActiveCfg = Release|Any CPU
		{74F47C58-69B0-4D31-AC24-AEB51D72833D}.Release|Any CPU.Build.0 = Release|Any CPU
	EndGlobalSection
	GlobalSection(SolutionProperties) = preSolution
		HideSolutionNode = FALSE
	EndGlobalSection
	GlobalSection(ExtensibilityGlobals) = postSolution
		SolutionGuid = {2F8F5543-8A57-41FB-9BBF-B54EC3ED6E46}
	EndGlobalSection
EndGlobal
